
Microsoft Visual Studio Solution File, Format Version 12.00
# Visual Studio 14
VisualStudioVersion = 14.0.25420.1
MinimumVisualStudioVersion = 10.0.40219.1
Project("{FAE04EC0-301F-11D3-BF4B-00C04F79EFBC}") = "EmsApi.Client", "EmsApi.Client\EmsApi.Client.csproj", "{60E9EF36-B92A-4486-A1C1-BD90C44188C4}"
EndProject
Project("{FAE04EC0-301F-11D3-BF4B-00C04F79EFBC}") = "EmsApi.Dto", "EmsApi.Dto\EmsApi.Dto.csproj", "{86F1DF15-9BC1-4828-80DB-878DB1DB037D}"
EndProject
Project("{FAE04EC0-301F-11D3-BF4B-00C04F79EFBC}") = "EmsApi.Client.Tests", "Tests\EmsApi.Client.Tests.csproj", "{76BAA6AD-9B05-4581-A907-AC6FA2032512}"
	ProjectSection(ProjectDependencies) = postProject
		{86F1DF15-9BC1-4828-80DB-878DB1DB037D} = {86F1DF15-9BC1-4828-80DB-878DB1DB037D}
		{60E9EF36-B92A-4486-A1C1-BD90C44188C4} = {60E9EF36-B92A-4486-A1C1-BD90C44188C4}
	EndProjectSection
EndProject
Project("{2150E333-8FDC-42A3-9474-1A3956D46DE8}") = "Solution Items", "Solution Items", "{87FF617C-FF36-4CB6-A61D-7C90C203A241}"
	ProjectSection(SolutionItems) = preProject
		.editorconfig = .editorconfig
		.gitignore = .gitignore
		..\appveyor.yml = ..\appveyor.yml
		build.ps1 = build.ps1
		EmsApi.targets = EmsApi.targets
		README.md = README.md
	EndProjectSection
EndProject
Global
	GlobalSection(SolutionConfigurationPlatforms) = preSolution
		Debug|Any CPU = Debug|Any CPU
		Release|Any CPU = Release|Any CPU
	EndGlobalSection
	GlobalSection(ProjectConfigurationPlatforms) = postSolution
		{60E9EF36-B92A-4486-A1C1-BD90C44188C4}.Debug|Any CPU.ActiveCfg = Debug|Any CPU
		{60E9EF36-B92A-4486-A1C1-BD90C44188C4}.Debug|Any CPU.Build.0 = Debug|Any CPU
		{60E9EF36-B92A-4486-A1C1-BD90C44188C4}.Release|Any CPU.ActiveCfg = Release|Any CPU
		{60E9EF36-B92A-4486-A1C1-BD90C44188C4}.Release|Any CPU.Build.0 = Release|Any CPU
		{86F1DF15-9BC1-4828-80DB-878DB1DB037D}.Debug|Any CPU.ActiveCfg = Debug|Any CPU
		{86F1DF15-9BC1-4828-80DB-878DB1DB037D}.Debug|Any CPU.Build.0 = Debug|Any CPU
		{86F1DF15-9BC1-4828-80DB-878DB1DB037D}.Release|Any CPU.ActiveCfg = Release|Any CPU
		{86F1DF15-9BC1-4828-80DB-878DB1DB037D}.Release|Any CPU.Build.0 = Release|Any CPU
		{76BAA6AD-9B05-4581-A907-AC6FA2032512}.Debug|Any CPU.ActiveCfg = Debug|Any CPU
		{76BAA6AD-9B05-4581-A907-AC6FA2032512}.Debug|Any CPU.Build.0 = Debug|Any CPU
		{76BAA6AD-9B05-4581-A907-AC6FA2032512}.Release|Any CPU.ActiveCfg = Release|Any CPU
		{76BAA6AD-9B05-4581-A907-AC6FA2032512}.Release|Any CPU.Build.0 = Release|Any CPU
	EndGlobalSection
	GlobalSection(SolutionProperties) = preSolution
		HideSolutionNode = FALSE
	EndGlobalSection
EndGlobal
